{
  "version": 4,
  "terraform_version": "1.7.5",
  "serial": 61,
  "lineage": "94b231ec-b3b8-fe93-75bd-076354459dfe",
  "outputs": {},
  "resources": [
    {
      "mode": "data",
      "type": "aws_ami",
      "name": "ubuntu",
      "provider": "provider[\"registry.terraform.io/hashicorp/aws\"]",
      "instances": [
        {
          "schema_version": 0,
          "attributes": {
            "architecture": "x86_64",
            "arn": "arn:aws:ec2:us-east-1::image/ami-06f8dce63a6b60467",
            "block_device_mappings": [
              {
                "device_name": "/dev/sda1",
                "ebs": {
                  "delete_on_termination": "true",
                  "encrypted": "false",
                  "iops": "0",
                  "snapshot_id": "snap-0a985211cbd8c37a8",
                  "throughput": "0",
                  "volume_size": "8",
                  "volume_type": "gp2"
                },
                "no_device": "",
                "virtual_name": ""
              },
              {
                "device_name": "/dev/sdb",
                "ebs": {},
                "no_device": "",
                "virtual_name": "ephemeral0"
              },
              {
                "device_name": "/dev/sdc",
                "ebs": {},
                "no_device": "",
                "virtual_name": "ephemeral1"
              }
            ],
            "boot_mode": "legacy-bios",
            "creation_date": "2024-03-21T22:43:42.000Z",
            "deprecation_time": "2026-03-21T22:43:42.000Z",
            "description": "Canonical, Ubuntu, 20.04 LTS, amd64 focal image build on 2024-03-21",
            "ena_support": true,
            "executable_users": null,
            "filter": [
              {
                "name": "name",
                "values": [
                  "ubuntu/images/hvm-ssd/ubuntu-focal-20.04-amd64-server-*"
                ]
              },
              {
                "name": "virtualization-type",
                "values": [
                  "hvm"
                ]
              }
            ],
            "hypervisor": "xen",
            "id": "ami-06f8dce63a6b60467",
            "image_id": "ami-06f8dce63a6b60467",
            "image_location": "amazon/ubuntu/images/hvm-ssd/ubuntu-focal-20.04-amd64-server-20240321",
            "image_owner_alias": "amazon",
            "image_type": "machine",
            "imds_support": "",
            "include_deprecated": false,
            "kernel_id": "",
            "most_recent": true,
            "name": "ubuntu/images/hvm-ssd/ubuntu-focal-20.04-amd64-server-20240321",
            "name_regex": null,
            "owner_id": "099720109477",
            "owners": [
              "amazon"
            ],
            "platform": "",
            "platform_details": "Linux/UNIX",
            "product_codes": [],
            "public": true,
            "ramdisk_id": "",
            "root_device_name": "/dev/sda1",
            "root_device_type": "ebs",
            "root_snapshot_id": "snap-0a985211cbd8c37a8",
            "sriov_net_support": "simple",
            "state": "available",
            "state_reason": {
              "code": "UNSET",
              "message": "UNSET"
            },
            "tags": {},
            "timeouts": null,
            "tpm_support": "",
            "usage_operation": "RunInstances",
            "virtualization_type": "hvm"
          },
          "sensitive_attributes": []
        }
      ]
    },
    {
      "mode": "data",
      "type": "aws_subnets",
      "name": "public",
      "provider": "provider[\"registry.terraform.io/hashicorp/aws\"]",
      "instances": [
        {
          "schema_version": 0,
          "attributes": {
            "filter": [
              {
                "name": "vpc-id",
                "values": [
                  "vpc-0e2daf3fd9c96c0a9"
                ]
              }
            ],
            "id": "us-east-1",
            "ids": [
              "subnet-0ec352481fd4670bf",
              "subnet-0acb9db1681bb361f"
            ],
            "tags": {
              "Public": "true",
              "Terraform": "true"
            },
            "timeouts": null
          },
          "sensitive_attributes": []
        }
      ]
    },
    {
      "mode": "data",
      "type": "aws_vpc",
      "name": "selected",
      "provider": "provider[\"registry.terraform.io/hashicorp/aws\"]",
      "instances": [
        {
          "schema_version": 0,
          "attributes": {
            "arn": "arn:aws:ec2:us-east-1:423390287551:vpc/vpc-0e2daf3fd9c96c0a9",
            "cidr_block": "10.0.0.0/16",
            "cidr_block_associations": [
              {
                "association_id": "vpc-cidr-assoc-0bdcbf4a68675c10f",
                "cidr_block": "10.0.0.0/16",
                "state": "associated"
              }
            ],
            "default": false,
            "dhcp_options_id": "dopt-09cdcc1a9c5c97548",
            "enable_dns_hostnames": true,
            "enable_dns_support": true,
            "enable_network_address_usage_metrics": false,
            "filter": null,
            "id": "vpc-0e2daf3fd9c96c0a9",
            "instance_tenancy": "default",
            "ipv6_association_id": "",
            "ipv6_cidr_block": "",
            "main_route_table_id": "rtb-0465de8ed6bb3cda6",
            "owner_id": "423390287551",
            "state": null,
            "tags": {
              "Environment": "default",
              "Name": "gitlab-VPC",
              "Owner": "Stephane Zang Bengono",
              "Project": "Self-Hosted Gitlab",
              "Terraform": "true"
            },
            "timeouts": null
          },
          "sensitive_attributes": []
        }
      ]
    },
    {
      "mode": "managed",
      "type": "aws_security_group",
      "name": "gitlab_external_git_ssh",
      "provider": "provider[\"registry.terraform.io/hashicorp/aws\"]",
      "instances": [
        {
          "schema_version": 1,
          "attributes": {
            "arn": "arn:aws:ec2:us-east-1:423390287551:security-group/sg-0030257567f6b02a3",
            "description": "Managed by Terraform",
            "egress": [
              {
                "cidr_blocks": [
                  "0.0.0.0/0"
                ],
                "description": "",
                "from_port": 0,
                "ipv6_cidr_blocks": [],
                "prefix_list_ids": [],
                "protocol": "-1",
                "security_groups": [],
                "self": false,
                "to_port": 0
              }
            ],
            "id": "sg-0030257567f6b02a3",
            "ingress": [
              {
                "cidr_blocks": [
                  "0.0.0.0/0"
                ],
                "description": "External Git SSH access for gitlab",
                "from_port": 2222,
                "ipv6_cidr_blocks": [],
                "prefix_list_ids": [],
                "protocol": "tcp",
                "security_groups": [],
                "self": false,
                "to_port": 2222
              }
            ],
            "name": "gitlab-external-git-ssh-20240325145535626700000002",
            "name_prefix": "gitlab-external-git-ssh-",
            "owner_id": "423390287551",
            "revoke_rules_on_delete": false,
            "tags": {
              "Name": "gitlab-external-git-ssh"
            },
            "tags_all": {
              "Environment": "default",
              "Name": "gitlab-external-git-ssh",
              "Owner": "Stephane Zang Bengono",
              "Project": "Self-Hosted Gitlab",
              "Terraform": "true"
            },
            "timeouts": null,
            "vpc_id": "vpc-0e2daf3fd9c96c0a9"
          },
          "sensitive_attributes": [],
          "private": "eyJlMmJmYjczMC1lY2FhLTExZTYtOGY4OC0zNDM2M2JjN2M0YzAiOnsiY3JlYXRlIjo2MDAwMDAwMDAwMDAsImRlbGV0ZSI6OTAwMDAwMDAwMDAwfSwic2NoZW1hX3ZlcnNpb24iOiIxIn0=",
          "dependencies": [
            "data.aws_vpc.selected",
            "module.vpc.aws_vpc.vpc"
          ],
          "create_before_destroy": true
        }
      ]
    },
    {
      "mode": "managed",
      "type": "aws_security_group",
      "name": "gitlab_external_http_https",
      "provider": "provider[\"registry.terraform.io/hashicorp/aws\"]",
      "instances": [
        {
          "schema_version": 1,
          "attributes": {
            "arn": "arn:aws:ec2:us-east-1:423390287551:security-group/sg-0c1cdb047ff4a9cc3",
            "description": "Managed by Terraform",
            "egress": [
              {
                "cidr_blocks": [
                  "0.0.0.0/0"
                ],
                "description": "",
                "from_port": 0,
                "ipv6_cidr_blocks": [],
                "prefix_list_ids": [],
                "protocol": "-1",
                "security_groups": [],
                "self": false,
                "to_port": 0
              }
            ],
            "id": "sg-0c1cdb047ff4a9cc3",
            "ingress": [
              {
                "cidr_blocks": [
                  "0.0.0.0/0"
                ],
                "description": "Enable HTTP access for select VMs",
                "from_port": 80,
                "ipv6_cidr_blocks": [],
                "prefix_list_ids": [],
                "protocol": "tcp",
                "security_groups": [],
                "self": false,
                "to_port": 80
              },
              {
                "cidr_blocks": [
                  "0.0.0.0/0"
                ],
                "description": "Enable HTTPS access for select VMs",
                "from_port": 443,
                "ipv6_cidr_blocks": [],
                "prefix_list_ids": [],
                "protocol": "tcp",
                "security_groups": [],
                "self": false,
                "to_port": 443
              }
            ],
            "name": "gitlab-external-http-https-20240325145535461200000001",
            "name_prefix": "gitlab-external-http-https-",
            "owner_id": "423390287551",
            "revoke_rules_on_delete": false,
            "tags": {
              "Name": "gitlab-external-http-https"
            },
            "tags_all": {
              "Environment": "default",
              "Name": "gitlab-external-http-https",
              "Owner": "Stephane Zang Bengono",
              "Project": "Self-Hosted Gitlab",
              "Terraform": "true"
            },
            "timeouts": null,
            "vpc_id": "vpc-0e2daf3fd9c96c0a9"
          },
          "sensitive_attributes": [],
          "private": "eyJlMmJmYjczMC1lY2FhLTExZTYtOGY4OC0zNDM2M2JjN2M0YzAiOnsiY3JlYXRlIjo2MDAwMDAwMDAwMDAsImRlbGV0ZSI6OTAwMDAwMDAwMDAwfSwic2NoZW1hX3ZlcnNpb24iOiIxIn0=",
          "dependencies": [
            "data.aws_vpc.selected",
            "module.vpc.aws_vpc.vpc"
          ],
          "create_before_destroy": true
        }
      ]
    },
    {
      "mode": "managed",
      "type": "aws_security_group",
      "name": "ingress_external_ssh",
      "provider": "provider[\"registry.terraform.io/hashicorp/aws\"]",
      "instances": [
        {
          "schema_version": 1,
          "attributes": {
            "arn": "arn:aws:ec2:us-east-1:423390287551:security-group/sg-0e75eacf7e4b02b91",
            "description": "Managed by Terraform",
            "egress": [
              {
                "cidr_blocks": [
                  "0.0.0.0/0"
                ],
                "description": "",
                "from_port": 0,
                "ipv6_cidr_blocks": [],
                "prefix_list_ids": [],
                "protocol": "-1",
                "security_groups": [],
                "self": false,
                "to_port": 0
              }
            ],
            "id": "sg-0e75eacf7e4b02b91",
            "ingress": [
              {
                "cidr_blocks": [
                  "0.0.0.0/0"
                ],
                "description": "Open SSH access for VMs",
                "from_port": 22,
                "ipv6_cidr_blocks": [],
                "prefix_list_ids": [],
                "protocol": "tcp",
                "security_groups": [],
                "self": false,
                "to_port": 22
              }
            ],
            "name": "gitlab-external-ssh",
            "name_prefix": "",
            "owner_id": "423390287551",
            "revoke_rules_on_delete": false,
            "tags": {
              "Name": "gitlab-external-ssh"
            },
            "tags_all": {
              "Environment": "default",
              "Name": "gitlab-external-ssh",
              "Owner": "Stephane Zang Bengono",
              "Project": "Self-Hosted Gitlab",
              "Terraform": "true"
            },
            "timeouts": null,
            "vpc_id": "vpc-0e2daf3fd9c96c0a9"
          },
          "sensitive_attributes": [],
          "private": "eyJlMmJmYjczMC1lY2FhLTExZTYtOGY4OC0zNDM2M2JjN2M0YzAiOnsiY3JlYXRlIjo2MDAwMDAwMDAwMDAsImRlbGV0ZSI6OTAwMDAwMDAwMDAwfSwic2NoZW1hX3ZlcnNpb24iOiIxIn0=",
          "dependencies": [
            "data.aws_vpc.selected",
            "module.vpc.aws_vpc.vpc"
          ],
          "create_before_destroy": true
        }
      ]
    },
    {
      "mode": "managed",
      "type": "aws_security_group",
      "name": "internal_networking",
      "provider": "provider[\"registry.terraform.io/hashicorp/aws\"]",
      "instances": [
        {
          "schema_version": 1,
          "attributes": {
            "arn": "arn:aws:ec2:us-east-1:423390287551:security-group/sg-0dcfcff4b912466bd",
            "description": "Managed by Terraform",
            "egress": [
              {
                "cidr_blocks": [],
                "description": "",
                "from_port": 0,
                "ipv6_cidr_blocks": [],
                "prefix_list_ids": [],
                "protocol": "-1",
                "security_groups": [],
                "self": true,
                "to_port": 0
              }
            ],
            "id": "sg-0dcfcff4b912466bd",
            "ingress": [
              {
                "cidr_blocks": [],
                "description": "Open internal networking for VMs",
                "from_port": 0,
                "ipv6_cidr_blocks": [],
                "prefix_list_ids": [],
                "protocol": "-1",
                "security_groups": [],
                "self": true,
                "to_port": 0
              }
            ],
            "name": "gitlab-internal-networking",
            "name_prefix": "",
            "owner_id": "423390287551",
            "revoke_rules_on_delete": false,
            "tags": {
              "Name": "gitlab-internal-networking"
            },
            "tags_all": {
              "Environment": "default",
              "Name": "gitlab-internal-networking",
              "Owner": "Stephane Zang Bengono",
              "Project": "Self-Hosted Gitlab",
              "Terraform": "true"
            },
            "timeouts": null,
            "vpc_id": "vpc-0e2daf3fd9c96c0a9"
          },
          "sensitive_attributes": [],
          "private": "eyJlMmJmYjczMC1lY2FhLTExZTYtOGY4OC0zNDM2M2JjN2M0YzAiOnsiY3JlYXRlIjo2MDAwMDAwMDAwMDAsImRlbGV0ZSI6OTAwMDAwMDAwMDAwfSwic2NoZW1hX3ZlcnNpb24iOiIxIn0=",
          "dependencies": [
            "data.aws_vpc.selected",
            "module.vpc.aws_vpc.vpc"
          ],
          "create_before_destroy": true
        }
      ]
    },
    {
      "module": "module.gitlab_instance",
      "mode": "managed",
      "type": "aws_ebs_volume",
      "name": "gitlab",
      "provider": "provider[\"registry.terraform.io/hashicorp/aws\"]",
      "instances": [
        {
          "schema_version": 0,
          "attributes": {
            "arn": "arn:aws:ec2:us-east-1:423390287551:volume/vol-040d2e23ef2509f34",
            "availability_zone": "us-east-1b",
            "encrypted": false,
            "final_snapshot": false,
            "id": "vol-040d2e23ef2509f34",
            "iops": 3000,
            "kms_key_id": "",
            "multi_attach_enabled": false,
            "outpost_arn": "",
            "size": 150,
            "snapshot_id": "",
            "tags": {
              "Name": "main-instance-volume",
              "gitlab_node_data_disk_role": "gitlab-main-instance"
            },
            "tags_all": {
              "Environment": "default",
              "Name": "main-instance-volume",
              "Owner": "Stephane Zang Bengono",
              "Project": "Self-Hosted Gitlab",
              "Terraform": "true",
              "gitlab_node_data_disk_role": "gitlab-main-instance"
            },
            "throughput": 125,
            "timeouts": null,
            "type": "gp3"
          },
          "sensitive_attributes": [],
          "private": "eyJlMmJmYjczMC1lY2FhLTExZTYtOGY4OC0zNDM2M2JjN2M0YzAiOnsiY3JlYXRlIjozMDAwMDAwMDAwMDAsImRlbGV0ZSI6MzAwMDAwMDAwMDAwLCJ1cGRhdGUiOjMwMDAwMDAwMDAwMH19",
          "dependencies": [
            "aws_security_group.gitlab_external_git_ssh",
            "aws_security_group.gitlab_external_http_https",
            "aws_security_group.ingress_external_ssh",
            "aws_security_group.internal_networking",
            "data.aws_ami.ubuntu",
            "data.aws_subnets.public",
            "data.aws_vpc.selected",
            "module.gitlab_instance.aws_instance.gitlab",
            "module.gitlab_instance.aws_key_pair.connect",
            "module.gitlab_instance.tls_private_key.key_pair_private_key",
            "module.vpc.aws_vpc.vpc"
          ]
        }
      ]
    },
    {
      "module": "module.gitlab_instance",
      "mode": "managed",
      "type": "aws_instance",
      "name": "gitlab",
      "provider": "provider[\"registry.terraform.io/hashicorp/aws\"]",
      "instances": [
        {
          "schema_version": 1,
          "attributes": {
            "ami": "ami-06f8dce63a6b60467",
            "arn": "arn:aws:ec2:us-east-1:423390287551:instance/i-0ae0dd6e4b141c459",
            "associate_public_ip_address": true,
            "availability_zone": "us-east-1b",
            "capacity_reservation_specification": [
              {
                "capacity_reservation_preference": "open",
                "capacity_reservation_target": []
              }
            ],
            "cpu_core_count": 4,
            "cpu_options": [
              {
                "amd_sev_snp": "",
                "core_count": 4,
                "threads_per_core": 1
              }
            ],
            "cpu_threads_per_core": 1,
            "credit_specification": [
              {
                "cpu_credits": "standard"
              }
            ],
            "disable_api_stop": false,
            "disable_api_termination": false,
            "ebs_block_device": [
              {
                "delete_on_termination": false,
                "device_name": "/dev/sdk",
                "encrypted": false,
                "iops": 3000,
                "kms_key_id": "",
                "snapshot_id": "",
                "tags": {
                  "Environment": "default",
                  "Name": "main-instance-volume",
                  "Owner": "Stephane Zang Bengono",
                  "Project": "Self-Hosted Gitlab",
                  "Terraform": "true",
                  "gitlab_node_data_disk_role": "gitlab-main-instance"
                },
                "throughput": 125,
                "volume_id": "vol-040d2e23ef2509f34",
                "volume_size": 150,
                "volume_type": "gp3"
              }
            ],
            "ebs_optimized": false,
            "enclave_options": [
              {
                "enabled": false
              }
            ],
            "ephemeral_block_device": [],
            "get_password_data": false,
            "hibernation": false,
            "host_id": "",
            "host_resource_group_arn": null,
            "iam_instance_profile": "",
            "id": "i-0ae0dd6e4b141c459",
            "instance_initiated_shutdown_behavior": "stop",
            "instance_lifecycle": "",
            "instance_market_options": [],
            "instance_state": "running",
            "instance_type": "t2.xlarge",
            "ipv6_address_count": 0,
            "ipv6_addresses": [],
            "key_name": "gitlab-key-pair",
            "launch_template": [],
            "maintenance_options": [
              {
                "auto_recovery": "default"
              }
            ],
            "metadata_options": [
              {
                "http_endpoint": "enabled",
                "http_protocol_ipv6": "disabled",
                "http_put_response_hop_limit": 1,
                "http_tokens": "optional",
                "instance_metadata_tags": "enabled"
              }
            ],
            "monitoring": false,
            "network_interface": [],
            "outpost_arn": "",
            "password_data": "",
            "placement_group": "",
            "placement_partition_number": 0,
            "primary_network_interface_id": "eni-06f8aa62de91214b4",
            "private_dns": "ip-10-0-101-194.ec2.internal",
            "private_dns_name_options": [
              {
                "enable_resource_name_dns_a_record": false,
                "enable_resource_name_dns_aaaa_record": false,
                "hostname_type": "ip-name"
              }
            ],
            "private_ip": "10.0.101.194",
            "public_dns": "ec2-34-238-105-251.compute-1.amazonaws.com",
            "public_ip": "34.238.105.251",
            "root_block_device": [
              {
                "delete_on_termination": false,
                "device_name": "/dev/sda1",
                "encrypted": false,
                "iops": 3000,
                "kms_key_id": "",
                "tags": {
                  "Name": "gitlab-main-instance-root"
                },
                "throughput": 125,
                "volume_id": "vol-0fa5304ca598aa4dd",
                "volume_size": 25,
                "volume_type": "gp3"
              }
            ],
            "secondary_private_ips": [],
            "security_groups": [],
            "source_dest_check": true,
            "spot_instance_request_id": "",
            "subnet_id": "subnet-0ec352481fd4670bf",
            "tags": {
              "Name": "gitlab-main-instance",
              "gitlab_node_prefix": "gitlab",
              "gitlab_node_type": "gitlab-main-instance"
            },
            "tags_all": {
              "Environment": "default",
              "Name": "gitlab-main-instance",
              "Owner": "Stephane Zang Bengono",
              "Project": "Self-Hosted Gitlab",
              "Terraform": "true",
              "gitlab_node_prefix": "gitlab",
              "gitlab_node_type": "gitlab-main-instance"
            },
            "tenancy": "default",
            "timeouts": null,
            "user_data": null,
            "user_data_base64": null,
            "user_data_replace_on_change": false,
            "volume_tags": null,
            "vpc_security_group_ids": [
              "sg-0030257567f6b02a3",
              "sg-0c1cdb047ff4a9cc3",
              "sg-0dcfcff4b912466bd",
              "sg-0e75eacf7e4b02b91"
            ]
          },
          "sensitive_attributes": [],
          "private": "eyJlMmJmYjczMC1lY2FhLTExZTYtOGY4OC0zNDM2M2JjN2M0YzAiOnsiY3JlYXRlIjo2MDAwMDAwMDAwMDAsImRlbGV0ZSI6MTIwMDAwMDAwMDAwMCwidXBkYXRlIjo2MDAwMDAwMDAwMDB9LCJzY2hlbWFfdmVyc2lvbiI6IjEifQ==",
          "dependencies": [
            "aws_security_group.gitlab_external_git_ssh",
            "aws_security_group.gitlab_external_http_https",
            "aws_security_group.ingress_external_ssh",
            "aws_security_group.internal_networking",
            "data.aws_ami.ubuntu",
            "data.aws_subnets.public",
            "data.aws_vpc.selected",
            "module.gitlab_instance.aws_key_pair.connect",
            "module.gitlab_instance.tls_private_key.key_pair_private_key",
            "module.vpc.aws_vpc.vpc"
          ]
        }
      ]
    },
    {
      "module": "module.gitlab_instance",
      "mode": "managed",
      "type": "aws_key_pair",
      "name": "connect",
      "provider": "provider[\"registry.terraform.io/hashicorp/aws\"]",
      "instances": [
        {
          "schema_version": 1,
          "attributes": {
            "arn": "arn:aws:ec2:us-east-1:423390287551:key-pair/gitlab-key-pair",
            "fingerprint": "c3:72:a4:29:68:0b:73:da:0a:04:1a:44:c5:3e:19:af",
            "id": "gitlab-key-pair",
            "key_name": "gitlab-key-pair",
            "key_name_prefix": "",
            "key_pair_id": "key-0d671a9d3ffed91e9",
            "key_type": "rsa",
            "public_key": "ssh-rsa AAAAB3NzaC1yc2EAAAADAQABAAACAQC2NbcfFDUFdTsRlp9SALYtvo5+AS2WEpbIHa0o2ec6o8+KSj6eKb/bJGaCDHrc1uL4qfRYMJa04gb+AiSxJGjffMXqujqyaF5AL7zwhkB4dGTNkUcqglyeL/W0WnkEK7FbTNqgaVX/Xfcr1L0bI6dPw/Kll0mid43wzBDMsF/KIK9OFOuwj3TopZOnPjfrNANfW3AjV9Tyo/nJFXInmT51BTB3Iqarr7+VHeePv60+SF42j28mdC5XD9hcThjtaFPSLT5DsK5oz1BeWMN9RJVcJMhaVtbI2eAgPQLXKddkebJQBbt4JLVpktsJiLv5v7bl53lSxu8aEM/UCVmkO6S7nfR1j6omG3aEJD3OhRE8u4MuowuL+7daDXfPErtEn0DLlmIf55/41YzTRRrKwB9dxdaEhs196Jex/iCmI6ni1MfOvz5R6/4zHjNQPDRUmUVGqOwShQGJcEHxe9EiQP2eO8mXHrZ6AZNwc45g99Bn36Kso4msaRySexv5fDntMcgW62xegJk6MBiEi3ZOZZCN5Io56gmK2OHrNP9ZqOLQ5do7gNNS15IfbL0lhJKVUBmntBTnjgy60FOmlFJ3VJPUajbWxbEDZrNdbCyAembdsgQk/2VXJj6N4obZ4pN2vC5qx563a6+PSGWM6djVzuubXBI7XrHtuVfHZO/9wGnQMw==",
            "tags": {},
            "tags_all": {
              "Environment": "default",
              "Owner": "Stephane Zang Bengono",
              "Project": "Self-Hosted Gitlab",
              "Terraform": "true"
            }
          },
          "sensitive_attributes": [],
          "private": "eyJzY2hlbWFfdmVyc2lvbiI6IjEifQ==",
          "dependencies": [
            "module.gitlab_instance.tls_private_key.key_pair_private_key"
          ]
        }
      ]
    },
    {
      "module": "module.gitlab_instance",
      "mode": "managed",
      "type": "tls_private_key",
      "name": "key_pair_private_key",
      "provider": "provider[\"registry.terraform.io/hashicorp/tls\"]",
      "instances": [
        {
          "schema_version": 1,
          "attributes": {
            "algorithm": "RSA",
            "ecdsa_curve": "P224",
            "id": "5c7906a5d1597be3868dedf2a438ef638d9e9855",
            "private_key_openssh": "-----BEGIN OPENSSH PRIVATE KEY-----\nb3BlbnNzaC1rZXktdjEAAAAABG5vbmUAAAAEbm9uZQAAAAAAAAABAAACFwAAAAdz\nc2gtcnNhAAAAAwEAAQAAAgEAtjW3HxQ1BXU7EZafUgC2Lb6OfgEtlhKWyB2tKNnn\nOqPPiko+nim/2yRmggx63Nbi+Kn0WDCWtOIG/gIksSRo33zF6ro6smheQC+88IZA\neHRkzZFHKoJcni/1tFp5BCuxW0zaoGlV/133K9S9GyOnT8PypZdJoneN8MwQzLBf\nyiCvThTrsI906KWTpz436zQDX1twI1fU8qP5yRVyJ5k+dQUwdyKmq6+/lR3nj7+t\nPkheNo9vJnQuVw/YXE4Y7WhT0i0+Q7CuaM9QXljDfUSVXCTIWlbWyNngID0C1ynX\nZHmyUAW7eCS1aZLbCYi7+b+25ed5UsbvGhDP1AlZpDuku530dY+qJht2hCQ9zoUR\nPLuDLqMLi/u3Wg13zxK7RJ9Ay5ZiH+ef+NWM00UaysAfXcXWhIbNfeiXsf4gpiOp\n4tTHzr8+Uev+Mx4zUDw0VJlFRqjsEoUBiXBB8XvRIkD9njvJlx62egGTcHOOYPfQ\nZ9+irKOJrGkcknsb+Xw57THIFutsXoCZOjAYhIt2TmWQjeSKOeoJitjh6zT/Waji\n0OXaO4DTUteSH2y9JYSSlVAZp7QU544MutBTppRSd1ST1Go21sWxA2azXWwsgHpm\n3bIEJP9lVyY+jeKG2eKTdrwuaseet2uvj0hljOnY1c7rm1wSO16x7blXx2Tv/cBp\n0DMAAAc4Y6tzOGOrczgAAAAHc3NoLXJzYQAAAgEAtjW3HxQ1BXU7EZafUgC2Lb6O\nfgEtlhKWyB2tKNnnOqPPiko+nim/2yRmggx63Nbi+Kn0WDCWtOIG/gIksSRo33zF\n6ro6smheQC+88IZAeHRkzZFHKoJcni/1tFp5BCuxW0zaoGlV/133K9S9GyOnT8Py\npZdJoneN8MwQzLBfyiCvThTrsI906KWTpz436zQDX1twI1fU8qP5yRVyJ5k+dQUw\ndyKmq6+/lR3nj7+tPkheNo9vJnQuVw/YXE4Y7WhT0i0+Q7CuaM9QXljDfUSVXCTI\nWlbWyNngID0C1ynXZHmyUAW7eCS1aZLbCYi7+b+25ed5UsbvGhDP1AlZpDuku530\ndY+qJht2hCQ9zoURPLuDLqMLi/u3Wg13zxK7RJ9Ay5ZiH+ef+NWM00UaysAfXcXW\nhIbNfeiXsf4gpiOp4tTHzr8+Uev+Mx4zUDw0VJlFRqjsEoUBiXBB8XvRIkD9njvJ\nlx62egGTcHOOYPfQZ9+irKOJrGkcknsb+Xw57THIFutsXoCZOjAYhIt2TmWQjeSK\nOeoJitjh6zT/Waji0OXaO4DTUteSH2y9JYSSlVAZp7QU544MutBTppRSd1ST1Go2\n1sWxA2azXWwsgHpm3bIEJP9lVyY+jeKG2eKTdrwuaseet2uvj0hljOnY1c7rm1wS\nO16x7blXx2Tv/cBp0DMAAAADAQABAAACAQCIhwMpZGi+KDMUYLoMJcBb0lbOj29q\n7Y7Rb3saCvw5chjGVA9LT5kUSNgORe+hndn/3Mjbc7zY2CvJFC4OFWwHWWSrFtN4\nbr+AdMSrrMyN9Ri690pNzdQ8K099zfSzbVG9SX7fh04KxIu56fOwbCynlfkwnoVs\nGQzgCufjl5yOxaLVbNOVPkipMbfLLtGTiSulvcvuj5deIAO/6jPY+/hSkorYGbyt\nFEkHIJsrmMHk0zDUzPDJ7W/ziEnkEBiZevyjlYb8DV0B56UerH/+Uu9fVahSGJNj\nd+15+n0wX4enH5C+aS0pPsg3zPQW1r+SyVXwOlsr7SenbkVraX4jkxVAw6HHm9gF\nLUDIei615H8V05jh8u/iP9U+T27c1m6r89Qlo2NvUqIDsBm9rFz8/11GWWoFqQdd\nGDjE8s1sQXiOcANuJT1IgAziDBO7rDD+MwCLHlJekBQm9zy26pPNvdicXTVR3Qdk\n8XyTudR/Q1LKqmWgPOsydW789Lhmd3XL+0EyQg8IVkFYYI0KgUhq9r7+JDp0cF2i\nIPppJi8s9wcTCANxJKkBS8H28b71ZDrJCOVyqDXAIp9jd8eoHDB3G0X//E74dVlA\nuQPynEeQwSa5EEno2tXfk2BJk0xULyOfN+gN9b8INFQO9apS+OfnZgbvEgH7aAaM\nzUBsjc1gFuwfQQAAAQAYiGIS+lUR8jAOu5AcyJaCqQmrm5sXr5YprnjulqNXk5OI\nKZgUhIxcgqnW7XckA6EyEgTlLDIBA8J2wUyOqHLYvJeTqYar8qFC99bjRT6lXfHI\nT5yklKEGbRSqI8JgKD1PkyKhYSwB3KJflGpZHhTwMtZBEGKT1JWS/XtSePEzfWZy\nIT2L6Dctp9cRsSLRiIt3f6E+4QuZNZZd9bQlcAWTQiiWl4FpIVtfOEZpUXsndft4\nXe3vt8Tjuh0YCGrca5eC4xPxm6yYicP1Qz49vqu4A8aV653n4snu0vPFg69AT3BX\nxWGLUDsxGVXkyzZ6B9phUjhVWhFsESsFFlc85fDlAAABAQDf2pT7lKk+m3WzPc26\nqad9UK9vyOmZhI3uTDJjLVLvlM+ODCUK7TNqW/IlkxAk8JvYjZ3F627LHZCRUOGC\nmUUVHO0rwf4byosJxvRiHI061lJ8qTr1z+eACytjC08Zxm7UrI1+QygTruk9eNIu\nCTxDfrJeKO31bNNBEtu0wVt2/xM8P3/b5GlM0pR6IvWQxVIsOmVXP5Fd/iQ5mto/\n9GVe7pIHH/UpUw2Fo4jDJZZUxJ7H2Tk+3EHlR6EbRYJU/hsewWncgIYzVfPAv6q4\nrQiIGFN08UnhOlYCJq/q/ECv6I8x2IMQRgFmYq+jwoo9Q5gBk0H36WvWHk3B/eEC\nUDRDAAABAQDQYDJwMrfWnvMRJ3TPQhvViHm829LWL0MVb7dO329dHWfqzXk1i5ub\nr+0ySKxZ9sTlE8Xs80BnK/fOE+jgjr7Be34CvROsY+Ysr8xXz62S7TTtScVfkppx\n5kVFhOstcDTIpNNlqOQiacAt20oJi7Vg5WUY6YK3M1OQoWNYUuwfCiFElvIyVyxG\no9p+ZD83xave4vGYpfLbJ3RcIz4+YYGwHOZlflOy1n0+iVtYK4ryn6NkXUCPEGkd\ns/3cxBR6JEcaWw2R6/da8KrIDiBapH/EHMvAEpgJ7j6tOV6yRDGuhbMO/0IXjkeh\njGAJG9nT1MHxkcQEpmNG0l6G0Mzn6K1RAAAAAAEC\n-----END OPENSSH PRIVATE KEY-----\n",
            "private_key_pem": "-----BEGIN RSA PRIVATE KEY-----\nMIIJKQIBAAKCAgEAtjW3HxQ1BXU7EZafUgC2Lb6OfgEtlhKWyB2tKNnnOqPPiko+\nnim/2yRmggx63Nbi+Kn0WDCWtOIG/gIksSRo33zF6ro6smheQC+88IZAeHRkzZFH\nKoJcni/1tFp5BCuxW0zaoGlV/133K9S9GyOnT8PypZdJoneN8MwQzLBfyiCvThTr\nsI906KWTpz436zQDX1twI1fU8qP5yRVyJ5k+dQUwdyKmq6+/lR3nj7+tPkheNo9v\nJnQuVw/YXE4Y7WhT0i0+Q7CuaM9QXljDfUSVXCTIWlbWyNngID0C1ynXZHmyUAW7\neCS1aZLbCYi7+b+25ed5UsbvGhDP1AlZpDuku530dY+qJht2hCQ9zoURPLuDLqML\ni/u3Wg13zxK7RJ9Ay5ZiH+ef+NWM00UaysAfXcXWhIbNfeiXsf4gpiOp4tTHzr8+\nUev+Mx4zUDw0VJlFRqjsEoUBiXBB8XvRIkD9njvJlx62egGTcHOOYPfQZ9+irKOJ\nrGkcknsb+Xw57THIFutsXoCZOjAYhIt2TmWQjeSKOeoJitjh6zT/Waji0OXaO4DT\nUteSH2y9JYSSlVAZp7QU544MutBTppRSd1ST1Go21sWxA2azXWwsgHpm3bIEJP9l\nVyY+jeKG2eKTdrwuaseet2uvj0hljOnY1c7rm1wSO16x7blXx2Tv/cBp0DMCAwEA\nAQKCAgEAiIcDKWRovigzFGC6DCXAW9JWzo9vau2O0W97Ggr8OXIYxlQPS0+ZFEjY\nDkXvoZ3Z/9zI23O82NgryRQuDhVsB1lkqxbTeG6/gHTEq6zMjfUYuvdKTc3UPCtP\nfc30s21RvUl+34dOCsSLuenzsGwsp5X5MJ6FbBkM4Arn45ecjsWi1WzTlT5IqTG3\nyy7Rk4krpb3L7o+XXiADv+oz2Pv4UpKK2Bm8rRRJByCbK5jB5NMw1Mzwye1v84hJ\n5BAYmXr8o5WG/A1dAeelHqx//lLvX1WoUhiTY3ftefp9MF+Hpx+QvmktKT7IN8z0\nFta/kslV8DpbK+0np25Fa2l+I5MVQMOhx5vYBS1AyHouteR/FdOY4fLv4j/VPk9u\n3NZuq/PUJaNjb1KiA7AZvaxc/P9dRllqBakHXRg4xPLNbEF4jnADbiU9SIAM4gwT\nu6ww/jMAix5SXpAUJvc8tuqTzb3YnF01Ud0HZPF8k7nUf0NSyqploDzrMnVu/PS4\nZnd1y/tBMkIPCFZBWGCNCoFIava+/iQ6dHBdoiD6aSYvLPcHEwgDcSSpAUvB9vG+\n9WQ6yQjlcqg1wCKfY3fHqBwwdxtF//xO+HVZQLkD8pxHkMEmuRBJ6NrV35NgSZNM\nVC8jnzfoDfW/CDRUDvWqUvjn52YG7xIB+2gGjM1AbI3NYBbsH0ECggEBAN/alPuU\nqT6bdbM9zbqpp31Qr2/I6ZmEje5MMmMtUu+Uz44MJQrtM2pb8iWTECTwm9iNncXr\nbssdkJFQ4YKZRRUc7SvB/hvKiwnG9GIcjTrWUnypOvXP54ALK2MLTxnGbtSsjX5D\nKBOu6T140i4JPEN+sl4o7fVs00ES27TBW3b/Ezw/f9vkaUzSlHoi9ZDFUiw6ZVc/\nkV3+JDma2j/0ZV7ukgcf9SlTDYWjiMMlllTEnsfZOT7cQeVHoRtFglT+Gx7BadyA\nhjNV88C/qritCIgYU3TxSeE6VgImr+r8QK/ojzHYgxBGAWZir6PCij1DmAGTQffp\na9YeTcH94QJQNEMCggEBANBgMnAyt9ae8xEndM9CG9WIebzb0tYvQxVvt07fb10d\nZ+rNeTWLm5uv7TJIrFn2xOUTxezzQGcr984T6OCOvsF7fgK9E6xj5iyvzFfPrZLt\nNO1JxV+SmnHmRUWE6y1wNMik02Wo5CJpwC3bSgmLtWDlZRjpgrczU5ChY1hS7B8K\nIUSW8jJXLEaj2n5kPzfFq97i8Zil8tsndFwjPj5hgbAc5mV+U7LWfT6JW1grivKf\no2RdQI8QaR2z/dzEFHokRxpbDZHr91rwqsgOIFqkf8Qcy8ASmAnuPq05XrJEMa6F\nsw7/QheOR6GMYAkb2dPUwfGRxASmY0bSXobQzOforVECggEBAIML1TfKeaG7JJY/\n0hY6h2CnQWzxcz96CBS+6qiAuhKjTTZdCbpxzi2vkfxJMaRObw3BKeHZx8yEjENl\n0/6+d2C6xGVfdcETO34HyL0+9bbCDRwJfgi1I1MkNswOrMnsDqnWMib+bZHITaa8\n+l4U7gCdRRI2Z8fLY4iu34vbvg3VmY8lpVY3SyW8CUvO928+9LILpZQEFLevtck7\nTBUwn7+JbldZcA43Hq1jZQbJFE6fpExecFLKYpE0862hbYEQGRRSKgT6AJZA9Seb\njPf75Ai4JPNK5fNCUWOE/mtULRJN1LZbh66ZLOyhTS1TD9Z5oZ0adf4J2iVJLEAq\nvfS6uz0CggEAYZ4PQvyfnw3LtSeU01uXCovq7AzXUrvFY494gpyt4SNbgWZM+Ea0\n2VSrfDkLdQHj76U5ve2fKDYy2vn8yOZWevHNcJ7/Tm1mcVzSD/kcyY4Sk29R5Zoa\nfG1x2kWQnzLHp49/8UoTxgNgoprurlYi3Ifaurb6I7UJ2uGgVspSD6CBQU6tm+O2\nvEkanMd9zjTudXY/1FE52m07V8ay7CplxQlk7fsmXsuY1OkoP7/2Uf9zXhtJmTwI\n4n9l2DyLk0TXgoNRciDnOlUwzJPBmHUj3c3Xrd2IGG7iMeiEcmL8G1RLNCVk4wAm\nkonem6XOgCxVx0OQXtVMAOugmOvMcoBQYQKCAQAYiGIS+lUR8jAOu5AcyJaCqQmr\nm5sXr5YprnjulqNXk5OIKZgUhIxcgqnW7XckA6EyEgTlLDIBA8J2wUyOqHLYvJeT\nqYar8qFC99bjRT6lXfHIT5yklKEGbRSqI8JgKD1PkyKhYSwB3KJflGpZHhTwMtZB\nEGKT1JWS/XtSePEzfWZyIT2L6Dctp9cRsSLRiIt3f6E+4QuZNZZd9bQlcAWTQiiW\nl4FpIVtfOEZpUXsndft4Xe3vt8Tjuh0YCGrca5eC4xPxm6yYicP1Qz49vqu4A8aV\n653n4snu0vPFg69AT3BXxWGLUDsxGVXkyzZ6B9phUjhVWhFsESsFFlc85fDl\n-----END RSA PRIVATE KEY-----\n",
            "private_key_pem_pkcs8": "-----BEGIN PRIVATE KEY-----\nMIIJQwIBADANBgkqhkiG9w0BAQEFAASCCS0wggkpAgEAAoICAQC2NbcfFDUFdTsR\nlp9SALYtvo5+AS2WEpbIHa0o2ec6o8+KSj6eKb/bJGaCDHrc1uL4qfRYMJa04gb+\nAiSxJGjffMXqujqyaF5AL7zwhkB4dGTNkUcqglyeL/W0WnkEK7FbTNqgaVX/Xfcr\n1L0bI6dPw/Kll0mid43wzBDMsF/KIK9OFOuwj3TopZOnPjfrNANfW3AjV9Tyo/nJ\nFXInmT51BTB3Iqarr7+VHeePv60+SF42j28mdC5XD9hcThjtaFPSLT5DsK5oz1Be\nWMN9RJVcJMhaVtbI2eAgPQLXKddkebJQBbt4JLVpktsJiLv5v7bl53lSxu8aEM/U\nCVmkO6S7nfR1j6omG3aEJD3OhRE8u4MuowuL+7daDXfPErtEn0DLlmIf55/41YzT\nRRrKwB9dxdaEhs196Jex/iCmI6ni1MfOvz5R6/4zHjNQPDRUmUVGqOwShQGJcEHx\ne9EiQP2eO8mXHrZ6AZNwc45g99Bn36Kso4msaRySexv5fDntMcgW62xegJk6MBiE\ni3ZOZZCN5Io56gmK2OHrNP9ZqOLQ5do7gNNS15IfbL0lhJKVUBmntBTnjgy60FOm\nlFJ3VJPUajbWxbEDZrNdbCyAembdsgQk/2VXJj6N4obZ4pN2vC5qx563a6+PSGWM\n6djVzuubXBI7XrHtuVfHZO/9wGnQMwIDAQABAoICAQCIhwMpZGi+KDMUYLoMJcBb\n0lbOj29q7Y7Rb3saCvw5chjGVA9LT5kUSNgORe+hndn/3Mjbc7zY2CvJFC4OFWwH\nWWSrFtN4br+AdMSrrMyN9Ri690pNzdQ8K099zfSzbVG9SX7fh04KxIu56fOwbCyn\nlfkwnoVsGQzgCufjl5yOxaLVbNOVPkipMbfLLtGTiSulvcvuj5deIAO/6jPY+/hS\nkorYGbytFEkHIJsrmMHk0zDUzPDJ7W/ziEnkEBiZevyjlYb8DV0B56UerH/+Uu9f\nVahSGJNjd+15+n0wX4enH5C+aS0pPsg3zPQW1r+SyVXwOlsr7SenbkVraX4jkxVA\nw6HHm9gFLUDIei615H8V05jh8u/iP9U+T27c1m6r89Qlo2NvUqIDsBm9rFz8/11G\nWWoFqQddGDjE8s1sQXiOcANuJT1IgAziDBO7rDD+MwCLHlJekBQm9zy26pPNvdic\nXTVR3Qdk8XyTudR/Q1LKqmWgPOsydW789Lhmd3XL+0EyQg8IVkFYYI0KgUhq9r7+\nJDp0cF2iIPppJi8s9wcTCANxJKkBS8H28b71ZDrJCOVyqDXAIp9jd8eoHDB3G0X/\n/E74dVlAuQPynEeQwSa5EEno2tXfk2BJk0xULyOfN+gN9b8INFQO9apS+OfnZgbv\nEgH7aAaMzUBsjc1gFuwfQQKCAQEA39qU+5SpPpt1sz3NuqmnfVCvb8jpmYSN7kwy\nYy1S75TPjgwlCu0zalvyJZMQJPCb2I2dxetuyx2QkVDhgplFFRztK8H+G8qLCcb0\nYhyNOtZSfKk69c/ngAsrYwtPGcZu1KyNfkMoE67pPXjSLgk8Q36yXijt9WzTQRLb\ntMFbdv8TPD9/2+RpTNKUeiL1kMVSLDplVz+RXf4kOZraP/RlXu6SBx/1KVMNhaOI\nwyWWVMSex9k5PtxB5UehG0WCVP4bHsFp3ICGM1XzwL+quK0IiBhTdPFJ4TpWAiav\n6vxAr+iPMdiDEEYBZmKvo8KKPUOYAZNB9+lr1h5Nwf3hAlA0QwKCAQEA0GAycDK3\n1p7zESd0z0Ib1Yh5vNvS1i9DFW+3Tt9vXR1n6s15NYubm6/tMkisWfbE5RPF7PNA\nZyv3zhPo4I6+wXt+Ar0TrGPmLK/MV8+tku007UnFX5KaceZFRYTrLXA0yKTTZajk\nImnALdtKCYu1YOVlGOmCtzNTkKFjWFLsHwohRJbyMlcsRqPafmQ/N8Wr3uLxmKXy\n2yd0XCM+PmGBsBzmZX5TstZ9PolbWCuK8p+jZF1AjxBpHbP93MQUeiRHGlsNkev3\nWvCqyA4gWqR/xBzLwBKYCe4+rTleskQxroWzDv9CF45HoYxgCRvZ09TB8ZHEBKZj\nRtJehtDM5+itUQKCAQEAgwvVN8p5obsklj/SFjqHYKdBbPFzP3oIFL7qqIC6EqNN\nNl0JunHOLa+R/EkxpE5vDcEp4dnHzISMQ2XT/r53YLrEZV91wRM7fgfIvT71tsIN\nHAl+CLUjUyQ2zA6syewOqdYyJv5tkchNprz6XhTuAJ1FEjZnx8tjiK7fi9u+DdWZ\njyWlVjdLJbwJS873bz70sgullAQUt6+1yTtMFTCfv4luV1lwDjcerWNlBskUTp+k\nTF5wUspikTTzraFtgRAZFFIqBPoAlkD1J5uM9/vkCLgk80rl80JRY4T+a1QtEk3U\ntluHrpks7KFNLVMP1nmhnRp1/gnaJUksQCq99Lq7PQKCAQBhng9C/J+fDcu1J5TT\nW5cKi+rsDNdSu8Vjj3iCnK3hI1uBZkz4RrTZVKt8OQt1AePvpTm97Z8oNjLa+fzI\n5lZ68c1wnv9ObWZxXNIP+RzJjhKTb1Hlmhp8bXHaRZCfMsenj3/xShPGA2Cimu6u\nViLch9q6tvojtQna4aBWylIPoIFBTq2b47a8SRqcx33ONO51dj/UUTnabTtXxrLs\nKmXFCWTt+yZey5jU6Sg/v/ZR/3NeG0mZPAjif2XYPIuTRNeCg1FyIOc6VTDMk8GY\ndSPdzdet3YgYbuIx6IRyYvwbVEs0JWTjACaSid6bpc6ALFXHQ5Be1UwA66CY68xy\ngFBhAoIBABiIYhL6VRHyMA67kBzIloKpCaubmxevlimueO6Wo1eTk4gpmBSEjFyC\nqdbtdyQDoTISBOUsMgEDwnbBTI6octi8l5OphqvyoUL31uNFPqVd8chPnKSUoQZt\nFKojwmAoPU+TIqFhLAHcol+UalkeFPAy1kEQYpPUlZL9e1J48TN9ZnIhPYvoNy2n\n1xGxItGIi3d/oT7hC5k1ll31tCVwBZNCKJaXgWkhW184RmlReyd1+3hd7e+3xOO6\nHRgIatxrl4LjE/GbrJiJw/VDPj2+q7gDxpXrnefiye7S88WDr0BPcFfFYYtQOzEZ\nVeTLNnoH2mFSOFVaEWwRKwUWVzzl8OU=\n-----END PRIVATE KEY-----\n",
            "public_key_fingerprint_md5": "39:13:08:ea:0a:9a:c4:19:e4:ec:df:f4:99:84:77:45",
            "public_key_fingerprint_sha256": "SHA256:zSdIBBjq9edergZNmcgcI1eY5BSwufklNETbWMH/G3k",
            "public_key_openssh": "ssh-rsa AAAAB3NzaC1yc2EAAAADAQABAAACAQC2NbcfFDUFdTsRlp9SALYtvo5+AS2WEpbIHa0o2ec6o8+KSj6eKb/bJGaCDHrc1uL4qfRYMJa04gb+AiSxJGjffMXqujqyaF5AL7zwhkB4dGTNkUcqglyeL/W0WnkEK7FbTNqgaVX/Xfcr1L0bI6dPw/Kll0mid43wzBDMsF/KIK9OFOuwj3TopZOnPjfrNANfW3AjV9Tyo/nJFXInmT51BTB3Iqarr7+VHeePv60+SF42j28mdC5XD9hcThjtaFPSLT5DsK5oz1BeWMN9RJVcJMhaVtbI2eAgPQLXKddkebJQBbt4JLVpktsJiLv5v7bl53lSxu8aEM/UCVmkO6S7nfR1j6omG3aEJD3OhRE8u4MuowuL+7daDXfPErtEn0DLlmIf55/41YzTRRrKwB9dxdaEhs196Jex/iCmI6ni1MfOvz5R6/4zHjNQPDRUmUVGqOwShQGJcEHxe9EiQP2eO8mXHrZ6AZNwc45g99Bn36Kso4msaRySexv5fDntMcgW62xegJk6MBiEi3ZOZZCN5Io56gmK2OHrNP9ZqOLQ5do7gNNS15IfbL0lhJKVUBmntBTnjgy60FOmlFJ3VJPUajbWxbEDZrNdbCyAembdsgQk/2VXJj6N4obZ4pN2vC5qx563a6+PSGWM6djVzuubXBI7XrHtuVfHZO/9wGnQMw==\n",
            "public_key_pem": "-----BEGIN PUBLIC KEY-----\nMIICIjANBgkqhkiG9w0BAQEFAAOCAg8AMIICCgKCAgEAtjW3HxQ1BXU7EZafUgC2\nLb6OfgEtlhKWyB2tKNnnOqPPiko+nim/2yRmggx63Nbi+Kn0WDCWtOIG/gIksSRo\n33zF6ro6smheQC+88IZAeHRkzZFHKoJcni/1tFp5BCuxW0zaoGlV/133K9S9GyOn\nT8PypZdJoneN8MwQzLBfyiCvThTrsI906KWTpz436zQDX1twI1fU8qP5yRVyJ5k+\ndQUwdyKmq6+/lR3nj7+tPkheNo9vJnQuVw/YXE4Y7WhT0i0+Q7CuaM9QXljDfUSV\nXCTIWlbWyNngID0C1ynXZHmyUAW7eCS1aZLbCYi7+b+25ed5UsbvGhDP1AlZpDuk\nu530dY+qJht2hCQ9zoURPLuDLqMLi/u3Wg13zxK7RJ9Ay5ZiH+ef+NWM00UaysAf\nXcXWhIbNfeiXsf4gpiOp4tTHzr8+Uev+Mx4zUDw0VJlFRqjsEoUBiXBB8XvRIkD9\nnjvJlx62egGTcHOOYPfQZ9+irKOJrGkcknsb+Xw57THIFutsXoCZOjAYhIt2TmWQ\njeSKOeoJitjh6zT/Waji0OXaO4DTUteSH2y9JYSSlVAZp7QU544MutBTppRSd1ST\n1Go21sWxA2azXWwsgHpm3bIEJP9lVyY+jeKG2eKTdrwuaseet2uvj0hljOnY1c7r\nm1wSO16x7blXx2Tv/cBp0DMCAwEAAQ==\n-----END PUBLIC KEY-----\n",
            "rsa_bits": 4096
          },
          "sensitive_attributes": []
        }
      ]
    },
    {
      "module": "module.vpc",
      "mode": "data",
      "type": "aws_availability_zones",
      "name": "available",
      "provider": "module.vpc.provider[\"registry.terraform.io/hashicorp/aws\"]",
      "instances": [
        {
          "schema_version": 0,
          "attributes": {
            "all_availability_zones": null,
            "exclude_names": null,
            "exclude_zone_ids": null,
            "filter": null,
            "group_names": [
              "us-east-1"
            ],
            "id": "us-east-1",
            "names": [
              "us-east-1a",
              "us-east-1b",
              "us-east-1c",
              "us-east-1d",
              "us-east-1e",
              "us-east-1f"
            ],
            "state": null,
            "timeouts": null,
            "zone_ids": [
              "use1-az2",
              "use1-az4",
              "use1-az6",
              "use1-az1",
              "use1-az3",
              "use1-az5"
            ]
          },
          "sensitive_attributes": []
        }
      ]
    },
    {
      "module": "module.vpc",
      "mode": "managed",
      "type": "aws_internet_gateway",
      "name": "internet_gateway",
      "provider": "module.vpc.provider[\"registry.terraform.io/hashicorp/aws\"]",
      "instances": [
        {
          "schema_version": 0,
          "attributes": {
            "arn": "arn:aws:ec2:us-east-1:423390287551:internet-gateway/igw-00cb6954779983ff0",
            "id": "igw-00cb6954779983ff0",
            "owner_id": "423390287551",
            "tags": {
              "Name": "gitlabInfra-igw"
            },
            "tags_all": {
              "Environment": "default",
              "Name": "gitlabInfra-igw",
              "Owner": "Stephane Zang Bengono",
              "Project": "Self-Hosted Gitlab",
              "Terraform": "true"
            },
            "timeouts": null,
            "vpc_id": "vpc-0e2daf3fd9c96c0a9"
          },
          "sensitive_attributes": [],
          "private": "eyJlMmJmYjczMC1lY2FhLTExZTYtOGY4OC0zNDM2M2JjN2M0YzAiOnsiY3JlYXRlIjoxMjAwMDAwMDAwMDAwLCJkZWxldGUiOjEyMDAwMDAwMDAwMDAsInVwZGF0ZSI6MTIwMDAwMDAwMDAwMH19",
          "dependencies": [
            "module.vpc.aws_vpc.vpc"
          ]
        }
      ]
    },
    {
      "module": "module.vpc",
      "mode": "managed",
      "type": "aws_subnet",
      "name": "public_subnets",
      "provider": "module.vpc.provider[\"registry.terraform.io/hashicorp/aws\"]",
      "instances": [
        {
          "index_key": 1,
          "schema_version": 1,
          "attributes": {
            "arn": "arn:aws:ec2:us-east-1:423390287551:subnet/subnet-0ec352481fd4670bf",
            "assign_ipv6_address_on_creation": false,
            "availability_zone": "us-east-1b",
            "availability_zone_id": "use1-az4",
            "cidr_block": "10.0.101.0/24",
            "customer_owned_ipv4_pool": "",
            "enable_dns64": false,
            "enable_lni_at_device_index": 0,
            "enable_resource_name_dns_a_record_on_launch": false,
            "enable_resource_name_dns_aaaa_record_on_launch": false,
            "id": "subnet-0ec352481fd4670bf",
            "ipv6_cidr_block": "",
            "ipv6_cidr_block_association_id": "",
            "ipv6_native": false,
            "map_customer_owned_ip_on_launch": false,
            "map_public_ip_on_launch": true,
            "outpost_arn": "",
            "owner_id": "423390287551",
            "private_dns_hostname_type_on_launch": "ip-name",
            "tags": {
              "Name": "public-subnet-1",
              "Public": "true"
            },
            "tags_all": {
              "Environment": "default",
              "Name": "public-subnet-1",
              "Owner": "Stephane Zang Bengono",
              "Project": "Self-Hosted Gitlab",
              "Public": "true",
              "Terraform": "true"
            },
            "timeouts": null,
            "vpc_id": "vpc-0e2daf3fd9c96c0a9"
          },
          "sensitive_attributes": [],
          "private": "eyJlMmJmYjczMC1lY2FhLTExZTYtOGY4OC0zNDM2M2JjN2M0YzAiOnsiY3JlYXRlIjo2MDAwMDAwMDAwMDAsImRlbGV0ZSI6MTIwMDAwMDAwMDAwMH0sInNjaGVtYV92ZXJzaW9uIjoiMSJ9",
          "dependencies": [
            "module.vpc.aws_vpc.vpc",
            "module.vpc.data.aws_availability_zones.available"
          ]
        }
      ]
    },
    {
      "module": "module.vpc",
      "mode": "managed",
      "type": "aws_vpc",
      "name": "vpc",
      "provider": "module.vpc.provider[\"registry.terraform.io/hashicorp/aws\"]",
      "instances": [
        {
          "schema_version": 1,
          "attributes": {
            "arn": "arn:aws:ec2:us-east-1:423390287551:vpc/vpc-0e2daf3fd9c96c0a9",
            "assign_generated_ipv6_cidr_block": false,
            "cidr_block": "10.0.0.0/16",
            "default_network_acl_id": "acl-088137c43865dacc0",
            "default_route_table_id": "rtb-0465de8ed6bb3cda6",
            "default_security_group_id": "sg-097c10af50c40c2ba",
            "dhcp_options_id": "dopt-09cdcc1a9c5c97548",
            "enable_dns_hostnames": true,
            "enable_dns_support": true,
            "enable_network_address_usage_metrics": false,
            "id": "vpc-0e2daf3fd9c96c0a9",
            "instance_tenancy": "default",
            "ipv4_ipam_pool_id": null,
            "ipv4_netmask_length": null,
            "ipv6_association_id": "",
            "ipv6_cidr_block": "",
            "ipv6_cidr_block_network_border_group": "",
            "ipv6_ipam_pool_id": "",
            "ipv6_netmask_length": 0,
            "main_route_table_id": "rtb-0465de8ed6bb3cda6",
            "owner_id": "423390287551",
            "tags": {
              "Name": "gitlab-VPC"
            },
            "tags_all": {
              "Environment": "default",
              "Name": "gitlab-VPC",
              "Owner": "Stephane Zang Bengono",
              "Project": "Self-Hosted Gitlab",
              "Terraform": "true"
            }
          },
          "sensitive_attributes": [],
          "private": "eyJzY2hlbWFfdmVyc2lvbiI6IjEifQ==",
          "create_before_destroy": true
        }
      ]
    }
  ],
  "check_results": null
}
